{
  "name": "dotenv-ga",
  "lockfileVersion": 2,
  "requires": true,
  "packages": {
    "": {
      "devDependencies": {
        "dotenv-vault-core": "^0.7.0"
      }
    },
    "node_modules/dotenv": {
      "version": "16.0.3",
      "resolved": "https://registry.npmjs.org/dotenv/-/dotenv-16.0.3.tgz",
      "integrity": "sha512-7GO6HghkA5fYG9TYnNxi14/7K9f5occMlp3zXAuSxn7CKCxt9xbNWG7yF8hTCSUchlfWSe3uLmlPfigevRItzQ==",
      "dev": true,
      "engines": {
        "node": ">=12"
      }
    },
    "node_modules/dotenv-vault-core": {
      "version": "0.7.0",
      "resolved": "https://registry.npmjs.org/dotenv-vault-core/-/dotenv-vault-core-0.7.0.tgz",
      "integrity": "sha512-C8qnftaiA8OZyCYI59Ex/e6/sEr1aIAUXLhp2bDoMsGgwNoBBfKakfG0hnZAxWKKJCCOflNZiO3M1B1oJRM0+A==",
      "dev": true,
      "dependencies": {
        "dotenv": "^16.0.3"
      },
      "engines": {
        "node": ">=12"
      }
    }
  },
  "dependencies": {
    "dotenv": {
      "version": "16.0.3",
      "resolved": "https://registry.npmjs.org/dotenv/-/dotenv-16.0.3.tgz",
      "integrity": "sha512-7GO6HghkA5fYG9TYnNxi14/7K9f5occMlp3zXAuSxn7CKCxt9xbNWG7yF8hTCSUchlfWSe3uLmlPfigevRItzQ==",
      "dev": true
    },
    "dotenv-vault-core": {
      "version": "0.7.0",
      "resolved": "https://registry.npmjs.org/dotenv-vault-core/-/dotenv-vault-core-0.7.0.tgz",
      "integrity": "sha512-C8qnftaiA8OZyCYI59Ex/e6/sEr1aIAUXLhp2bDoMsGgwNoBBfKakfG0hnZAxWKKJCCOflNZiO3M1B1oJRM0+A==",
      "dev": true,
      "requires": {
        "dotenv": "^16.0.3"
      }
    }
  }
}
